// !$*UTF8*$!
{
	archiveVersion = 1;
	classes = {
	};
	objectVersion = 50;
	objects = {

/* Begin PBXBuildFile section */
		453014FC23A6BD27005D1925 /* AppDelegate.swift in Sources */ = {isa = PBXBuildFile; fileRef = 453014FB23A6BD27005D1925 /* AppDelegate.swift */; };
		453014FE23A6BD27005D1925 /* SceneDelegate.swift in Sources */ = {isa = PBXBuildFile; fileRef = 453014FD23A6BD27005D1925 /* SceneDelegate.swift */; };
		4530150023A6BD27005D1925 /* ViewController.swift in Sources */ = {isa = PBXBuildFile; fileRef = 453014FF23A6BD27005D1925 /* ViewController.swift */; };
		4530150323A6BD27005D1925 /* Main.storyboard in Resources */ = {isa = PBXBuildFile; fileRef = 4530150123A6BD27005D1925 /* Main.storyboard */; };
		4530150523A6BD29005D1925 /* Assets.xcassets in Resources */ = {isa = PBXBuildFile; fileRef = 4530150423A6BD29005D1925 /* Assets.xcassets */; };
		4530150823A6BD29005D1925 /* LaunchScreen.storyboard in Resources */ = {isa = PBXBuildFile; fileRef = 4530150623A6BD29005D1925 /* LaunchScreen.storyboard */; };
/* End PBXBuildFile section */

/* Begin PBXFileReference section */
		453014F823A6BD27005D1925 /* machineLearningImage.app */ = {isa = PBXFileReference; explicitFileType = wrapper.application; includeInIndex = 0; path = machineLearningImage.app; sourceTree = BUILT_PRODUCTS_DIR; };
		453014FB23A6BD27005D1925 /* AppDelegate.swift */ = {isa = PBXFileReference; lastKnownFileType = sourcecode.swift; path = AppDelegate.swift; sourceTree = "<group>"; };
		453014FD23A6BD27005D1925 /* SceneDelegate.swift */ = {isa = PBXFileReference; lastKnownFileType = sourcecode.swift; path = SceneDelegate.swift; sourceTree = "<group>"; };
		453014FF23A6BD27005D1925 /* ViewController.swift */ = {isa = PBXFileReference; lastKnownFileType = sourcecode.swift; path = ViewController.swift; sourceTree = "<group>"; };
		4530150223A6BD27005D1925 /* Base */ = {isa = PBXFileReference; lastKnownFileType = file.storyboard; name = Base; path = Base.lproj/Main.storyboard; sourceTree = "<group>"; };
		4530150423A6BD29005D1925 /* Assets.xcassets */ = {isa = PBXFileReference; lastKnownFileType = folder.assetcatalog; path = Assets.xcassets; sourceTree = "<group>"; };
		4530150723A6BD29005D1925 /* Base */ = {isa = PBXFileReference; lastKnownFileType = file.storyboard; name = Base; path = Base.lproj/LaunchScreen.storyboard; sourceTree = "<group>"; };
		4530150923A6BD29005D1925 /* Info.plist */ = {isa = PBXFileReference; lastKnownFileType = text.plist.xml; path = Info.plist; sourceTree = "<group>"; };
/* End PBXFileReference section */

/* Begin PBXFrameworksBuildPhase section */
		453014F523A6BD27005D1925 /* Frameworks */ = {
			isa = PBXFrameworksBuildPhase;
			buildActionMask = 2147483647;
			files = (
			);
			runOnlyForDeploymentPostprocessing = 0;
		};
/* End PBXFrameworksBuildPhase section */

/* Begin PBXGroup section */
		453014EF23A6BD26005D1925 = {
			isa = PBXGroup;
			children = (
				453014FA23A6BD27005D1925 /* machineLearningImage */,
				453014F923A6BD27005D1925 /* Products */,
			);
			sourceTree = "<group>";
		};
		453014F923A6BD27005D1925 /* Products */ = {
			isa = PBXGroup;
			children = (
				453014F823A6BD27005D1925 /* machineLearningImage.app */,
			);
			name = Products;
			sourceTree = "<group>";
		};
		453014FA23A6BD27005D1925 /* machineLearningImage */ = {
			isa = PBXGroup;
			children = (
				453014FB23A6BD27005D1925 /* AppDelegate.swift */,
				453014FD23A6BD27005D1925 /* SceneDelegate.swift */,
				453014FF23A6BD27005D1925 /* ViewController.swift */,
				4530150123A6BD27005D1925 /* Main.storyboard */,
				4530150423A6BD29005D1925 /* Assets.xcassets */,
				4530150623A6BD29005D1925 /* LaunchScreen.storyboard */,
				4530150923A6BD29005D1925 /* Info.plist */,
			);
			path = machineLearningImage;
			sourceTree = "<group>";
		};
/* End PBXGroup section */

/* Begin PBXNativeTarget section */
		453014F723A6BD27005D1925 /* machineLearningImage */ = {
			isa = PBXNativeTarget;
			buildConfigurationList = 4530150C23A6BD29005D1925 /* Build configuration list for PBXNativeTarget "machineLearningImage" */;
			buildPhases = (
				453014F423A6BD27005D1925 /* Sources */,
				453014F523A6BD27005D1925 /* Frameworks */,
				453014F623A6BD27005D1925 /* Resources */,
			);
			buildRules = (
			);
			dependencies = (
			);
			name = machineLearningImage;
			productName = machineLearningImage;
			productReference = 453014F823A6BD27005D1925 /* machineLearningImage.app */;
			productType = "com.apple.product-type.application";
		};
/* End PBXNativeTarget section */

/* Begin PBXProject section */
		453014F023A6BD26005D1925 /* Project object */ = {
			isa = PBXProject;
			attributes = {
				LastSwiftUpdateCheck = 1100;
				LastUpgradeCheck = 1100;
				ORGANIZATIONNAME = MacxbookPro;
				TargetAttributes = {
					453014F723A6BD27005D1925 = {
						CreatedOnToolsVersion = 11.0;
					};
				};
			};
			buildConfigurationList = 453014F323A6BD26005D1925 /* Build configuration list for PBXProject "machineLearningImage" */;
			compatibilityVersion = "Xcode 9.3";
			developmentRegion = en;
			hasScannedForEncodings = 0;
			knownRegions = (
				en,
				Base,
			);
			mainGroup = 453014EF23A6BD26005D1925;
			productRefGroup = 453014F923A6BD27005D1925 /* Products */;
			projectDirPath = "";
			projectRoot = "";
			targets = (
				453014F723A6BD27005D1925 /* machineLearningImage */,
			);
		};
/* End PBXProject section */

/* Begin PBXResourcesBuildPhase section */
		453014F623A6BD27005D1925 /* Resources */ = {
			isa = PBXResourcesBuildPhase;
			buildActionMask = 2147483647;
			files = (
				4530150823A6BD29005D1925 /* LaunchScreen.storyboard in Resources */,
				4530150523A6BD29005D1925 /* Assets.xcassets in Resources */,
				4530150323A6BD27005D1925 /* Main.storyboard in Resources */,
			);
			runOnlyForDeploymentPostprocessing = 0;
		};
/* End PBXResourcesBuildPhase section */

/* Begin PBXSourcesBuildPhase section */
		453014F423A6BD27005D1925 /* Sources */ = {
			isa = PBXSourcesBuildPhase;
			buildActionMask = 2147483647;
			files = (
				4530150023A6BD27005D1925 /* ViewController.swift in Sources */,
				453014FC23A6BD27005D1925 /* AppDelegate.swift in Sources */,
				453014FE23A6BD27005D1925 /* SceneDelegate.swift in Sources */,
			);
			runOnlyForDeploymentPostprocessing = 0;
		};
/* End PBXSourcesBuildPhase section */

/* Begin PBXVariantGroup section */
		4530150123A6BD27005D1925 /* Main.storyboard */ = {
			isa = PBXVariantGroup;
			children = (
				4530150223A6BD27005D1925 /* Base */,
			);
			name = Main.storyboard;
			sourceTree = "<group>";
		};
		4530150623A6BD29005D1925 /* LaunchScreen.storyboard */ = {
			isa = PBXVariantGroup;
			children = (
				4530150723A6BD29005D1925 /* Base */,
			);
			name = LaunchScreen.storyboard;
			sourceTree = "<group>";
		};
/* End PBXVariantGroup section */

/* Begin XCBuildConfiguration section */
		4530150A23A6BD29005D1925 /* Debug */ = {
			isa = XCBuildConfiguration;
			buildSettings = {
				ALWAYS_SEARCH_USER_PATHS = NO;
				CLANG_ANALYZER_NONNULL = YES;
				CLANG_ANALYZER_NUMBER_OBJECT_CONVERSION = YES_AGGRESSIVE;
				CLANG_CXX_LANGUAGE_STANDARD = "gnu++14";
				CLANG_CXX_LIBRARY = "libc++";
				CLANG_ENABLE_MODULES = YES;
				CLANG_ENABLE_OBJC_ARC = YES;
				CLANG_ENABLE_OBJC_WEAK = YES;
				CLANG_WARN_BLOCK_CAPTURE_AUTORELEASING = YES;
				CLANG_WARN_BOOL_CONVERSION = YES;
				CLANG_WARN_COMMA = YES;
				CLANG_WARN_CONSTANT_CONVERSION = YES;
				CLANG_WARN_DEPRECATED_OBJC_IMPLEMENTATIONS = YES;
				CLANG_WARN_DIRECT_OBJC_ISA_USAGE = YES_ERROR;
				CLANG_WARN_DOCUMENTATION_COMMENTS = YES;
				CLANG_WARN_EMPTY_BODY = YES;
				CLANG_WARN_ENUM_CONVERSION = YES;
				CLANG_WARN_INFINITE_RECURSION = YES;
				CLANG_WARN_INT_CONVERSION = YES;
				CLANG_WARN_NON_LITERAL_NULL_CONVERSION = YES;
				CLANG_WARN_OBJC_IMPLICIT_RETAIN_SELF = YES;
				CLANG_WARN_OBJC_LITERAL_CONVERSION = YES;
				CLANG_WARN_OBJC_ROOT_CLASS = YES_ERROR;
				CLANG_WARN_RANGE_LOOP_ANALYSIS = YES;
				CLANG_WARN_STRICT_PROTOTYPES = YES;
				CLANG_WARN_SUSPICIOUS_MOVE = YES;
				CLANG_WARN_UNGUARDED_AVAILABILITY = YES_AGGRESSIVE;
				CLANG_WARN_UNREACHABLE_CODE = YES;
				CLANG_WARN__DUPLICATE_METHOD_MATCH = YES;
				COPY_PHASE_STRIP = NO;
				DEBUG_INFORMATION_FORMAT = dwarf;
				ENABLE_STRICT_OBJC_MSGSEND = YES;
				ENABLE_TESTABILITY = YES;
				GCC_C_LANGUAGE_STANDARD = gnu11;
				GCC_DYNAMIC_NO_PIC = NO;
				GCC_NO_COMMON_BLOCKS = YES;
				GCC_OPTIMIZATION_LEVEL = 0;
				GCC_PREPROCESSOR_DEFINITIONS = (
					"DEBUG=1",
					"$(inherited)",
				);
				GCC_WARN_64_TO_32_BIT_CONVERSION = YES;
				GCC_WARN_ABOUT_RETURN_TYPE = YES_ERROR;
				GCC_WARN_UNDECLARED_SELECTOR = YES;
				GCC_WARN_UNINITIALIZED_AUTOS = YES_AGGRESSIVE;
				GCC_WARN_UNUSED_FUNCTION = YES;
				GCC_WARN_UNUSED_VARIABLE = YES;
				IPHONEOS_DEPLOYMENT_TARGET = 13.0;
				MTL_ENABLE_DEBUG_INFO = INCLUDE_SOURCE;
				MTL_FAST_MATH = YES;
				ONLY_ACTIVE_ARCH = YES;
				SDKROOT = iphoneos;
				SWIFT_ACTIVE_COMPILATION_CONDITIONS = DEBUG;
				SWIFT_OPTIMIZATION_LEVEL = "-Onone";
			};
			name = Debug;
		};
		4530150B23A6BD29005D1925 /* Release */ = {
			isa = XCBuildConfiguration;
			buildSettings = {
				ALWAYS_SEARCH_USER_PATHS = NO;
				CLANG_ANALYZER_NONNULL = YES;
				CLANG_ANALYZER_NUMBER_OBJECT_CONVERSION = YES_AGGRESSIVE;
				CLANG_CXX_LANGUAGE_STANDARD = "gnu++14";
				CLANG_CXX_LIBRARY = "libc++";
				CLANG_ENABLE_MODULES = YES;
				CLANG_ENABLE_OBJC_ARC = YES;
				CLANG_ENABLE_OBJC_WEAK = YES;
				CLANG_WARN_BLOCK_CAPTURE_AUTORELEASING = YES;
				CLANG_WARN_BOOL_CONVERSION = YES;
				CLANG_WARN_COMMA = YES;
				CLANG_WARN_CONSTANT_CONVERSION = YES;
				CLANG_WARN_DEPRECATED_OBJC_IMPLEMENTATIONS = YES;
				CLANG_WARN_DIRECT_OBJC_ISA_USAGE = YES_ERROR;
				CLANG_WARN_DOCUMENTATION_COMMENTS = YES;
				CLANG_WARN_EMPTY_BODY = YES;
				CLANG_WARN_ENUM_CONVERSION = YES;
				CLANG_WARN_INFINITE_RECURSION = YES;
				CLANG_WARN_INT_CONVERSION = YES;
				CLANG_WARN_NON_LITERAL_NULL_CONVERSION = YES;
				CLANG_WARN_OBJC_IMPLICIT_RETAIN_SELF = YES;
				CLANG_WARN_OBJC_LITERAL_CONVERSION = YES;
				CLANG_WARN_OBJC_ROOT_CLASS = YES_ERROR;
				CLANG_WARN_RANGE_LOOP_ANALYSIS = YES;
				CLANG_WARN_STRICT_PROTOTYPES = YES;
				CLANG_WARN_SUSPICIOUS_MOVE = YES;
				CLANG_WARN_UNGUARDED_AVAILABILITY = YES_AGGRESSIVE;
				CLANG_WARN_UNREACHABLE_CODE = YES;
				CLANG_WARN__DUPLICATE_METHOD_MATCH = YES;
				COPY_PHASE_STRIP = NO;
				DEBUG_INFORMATION_FORMAT = "dwarf-with-dsym";
				ENABLE_NS_ASSERTIONS = NO;
				ENABLE_STRICT_OBJC_MSGSEND = YES;
				GCC_C_LANGUAGE_STANDARD = gnu11;
				GCC_NO_COMMON_BLOCKS = YES;
				GCC_WARN_64_TO_32_BIT_CONVERSION = YES;
				GCC_WARN_ABOUT_RETURN_TYPE = YES_ERROR;
				GCC_WARN_UNDECLARED_SELECTOR = YES;
				GCC_WARN_UNINITIALIZED_AUTOS = YES_AGGRESSIVE;
				GCC_WARN_UNUSED_FUNCTION = YES;
				GCC_WARN_UNUSED_VARIABLE = YES;
				IPHONEOS_DEPLOYMENT_TARGET = 13.0;
				MTL_ENABLE_DEBUG_INFO = NO;
				MTL_FAST_MATH = YES;
				SDKROOT = iphoneos;
				SWIFT_COMPILATION_MODE = wholemodule;
				SWIFT_OPTIMIZATION_LEVEL = "-O";
				VALIDATE_PRODUCT = YES;
			};
			name = Release;
		};
		4530150D23A6BD29005D1925 /* Debug */ = {
			isa = XCBuildConfiguration;
			buildSettings = {
				ASSETCATALOG_COMPILER_APPICON_NAME = AppIcon;
				CODE_SIGN_STYLE = Automatic;
				DEVELOPMENT_TEAM = GLPFKHK2C2;
				INFOPLIST_FILE = machineLearningImage/Info.plist;
				LD_RUNPATH_SEARCH_PATHS = (
					"$(inherited)",
					"@executable_path/Frameworks",
				);
				PRODUCT_BUNDLE_IDENTIFIER = "Furkan-Demirel.machineLearningImage";
				PRODUCT_NAME = "$(TARGET_NAME)";
				SWIFT_VERSION = 5.0;
				TARGETED_DEVICE_FAMILY = "1,2";
			};
			name = Debug;
		};
		4530150E23A6BD29005D1925 /* Release */ = {
			isa = XCBuildConfiguration;
			buildSettings = {
				ASSETCATALOG_COMPILER_APPICON_NAME = AppIcon;
				CODE_SIGN_STYLE = Automatic;
				DEVELOPMENT_TEAM = GLPFKHK2C2;
				INFOPLIST_FILE = machineLearningImage/Info.plist;
				LD_RUNPATH_SEARCH_PATHS = (
					"$(inherited)",
					"@executable_path/Frameworks",
				);
				PRODUCT_BUNDLE_IDENTIFIER = "Furkan-Demirel.machineLearningImage";
				PRODUCT_NAME = "$(TARGET_NAME)";
				SWIFT_VERSION = 5.0;
				TARGETED_DEVICE_FAMILY = "1,2";
			};
			name = Release;
		};
/* End XCBuildConfiguration section */

/* Begin XCConfigurationList section */
		453014F323A6BD26005D1925 /* Build configuration list for PBXProject "machineLearningImage" */ = {
			isa = XCConfigurationList;
			buildConfigurations = (
				4530150A23A6BD29005D1925 /* Debug */,
				4530150B23A6BD29005D1925 /* Release */,
			);
			defaultConfigurationIsVisible = 0;
			defaultConfigurationName = Release;
		};
		4530150C23A6BD29005D1925 /* Build configuration list for PBXNativeTarget "machineLearningImage" */ = {
			isa = XCConfigurationList;
			buildConfigurations = (
				4530150D23A6BD29005D1925 /* Debug */,
				4530150E23A6BD29005D1925 /* Release */,
			);
			defaultConfigurationIsVisible = 0;
			defaultConfigurationName = Release;
		};
/* End XCConfigurationList section */
	};
	rootObject = 453014F023A6BD26005D1925 /* Project object */;
}
